
Microsoft Visual Studio Solution File, Format Version 12.00
# Visual Studio 14
VisualStudioVersion = 14.0.22310.1
MinimumVisualStudioVersion = 10.0.40219.1
Project("{FAE04EC0-301F-11D3-BF4B-00C04F79EFBC}") = "MyWebAppForDeployment", "MyWebAppForDeployment\MyWebAppForDeployment.csproj", "{05A5E3AD-C3F5-4788-B459-82617A15F173}"
EndProject
Project("{2150E333-8FDC-42A3-9474-1A3956D46DE8}") = ".nuget", ".nuget", "{16BF8387-DEC2-4A64-86E4-C7ADAE31B05C}"
	ProjectSection(SolutionItems) = preProject
		.nuget\packages.config = .nuget\packages.config
	EndProjectSection
EndProject
Project("{FAE04EC0-301F-11D3-BF4B-00C04F79EFBC}") = "MyTests", "MyTests\MyTests.csproj", "{E3C30337-C191-4C75-B1A5-DD8105D0999C}"
EndProject
Project("{FAE04EC0-301F-11D3-BF4B-00C04F79EFBC}") = "SecondTests", "SecondTests\SecondTests.csproj", "{E3CF69C3-7E88-4E50-8A25-A0FD709E0D36}"
EndProject
Project("{2150E333-8FDC-42A3-9474-1A3956D46DE8}") = "build", "build", "{41173EAE-2532-486E-9B21-00B317A7E78C}"
	ProjectSection(SolutionItems) = preProject
		.quicksilver\QuickSilver\tools\build.fsx = .quicksilver\QuickSilver\tools\build.fsx
		build\config.fsx = build\config.fsx
		.quicksilver\QuickSilver\tools\install_website.bat = .quicksilver\QuickSilver\tools\install_website.bat
		.quicksilver\QuickSilver\tools\settings.fsx = .quicksilver\QuickSilver\tools\settings.fsx
	EndProjectSection
EndProject
Project("{FAE04EC0-301F-11D3-BF4B-00C04F79EFBC}") = "MyWindowsService", "MyWindowsService\MyWindowsService.csproj", "{DEEEF202-0E34-4D6A-93CF-88F9584D1575}"
EndProject
Global
	GlobalSection(SolutionConfigurationPlatforms) = preSolution
		Debug|Any CPU = Debug|Any CPU
		Release|Any CPU = Release|Any CPU
	EndGlobalSection
	GlobalSection(ProjectConfigurationPlatforms) = postSolution
		{05A5E3AD-C3F5-4788-B459-82617A15F173}.Debug|Any CPU.ActiveCfg = Debug|Any CPU
		{05A5E3AD-C3F5-4788-B459-82617A15F173}.Debug|Any CPU.Build.0 = Debug|Any CPU
		{05A5E3AD-C3F5-4788-B459-82617A15F173}.Release|Any CPU.ActiveCfg = Release|Any CPU
		{05A5E3AD-C3F5-4788-B459-82617A15F173}.Release|Any CPU.Build.0 = Release|Any CPU
		{E3C30337-C191-4C75-B1A5-DD8105D0999C}.Debug|Any CPU.ActiveCfg = Debug|Any CPU
		{E3C30337-C191-4C75-B1A5-DD8105D0999C}.Debug|Any CPU.Build.0 = Debug|Any CPU
		{E3C30337-C191-4C75-B1A5-DD8105D0999C}.Release|Any CPU.ActiveCfg = Release|Any CPU
		{E3C30337-C191-4C75-B1A5-DD8105D0999C}.Release|Any CPU.Build.0 = Release|Any CPU
		{E3CF69C3-7E88-4E50-8A25-A0FD709E0D36}.Debug|Any CPU.ActiveCfg = Debug|Any CPU
		{E3CF69C3-7E88-4E50-8A25-A0FD709E0D36}.Debug|Any CPU.Build.0 = Debug|Any CPU
		{E3CF69C3-7E88-4E50-8A25-A0FD709E0D36}.Release|Any CPU.ActiveCfg = Release|Any CPU
		{E3CF69C3-7E88-4E50-8A25-A0FD709E0D36}.Release|Any CPU.Build.0 = Release|Any CPU
		{DEEEF202-0E34-4D6A-93CF-88F9584D1575}.Debug|Any CPU.ActiveCfg = Debug|Any CPU
		{DEEEF202-0E34-4D6A-93CF-88F9584D1575}.Debug|Any CPU.Build.0 = Debug|Any CPU
		{DEEEF202-0E34-4D6A-93CF-88F9584D1575}.Release|Any CPU.ActiveCfg = Release|Any CPU
		{DEEEF202-0E34-4D6A-93CF-88F9584D1575}.Release|Any CPU.Build.0 = Release|Any CPU
	EndGlobalSection
	GlobalSection(SolutionProperties) = preSolution
		HideSolutionNode = FALSE
	EndGlobalSection
EndGlobal
